
Microsoft Visual Studio Solution File, Format Version 12.00
# Visual Studio Version 17
VisualStudioVersion = 17.10.35122.118
MinimumVisualStudioVersion = 10.0.40219.1
Project("{FAE04EC0-301F-11D3-BF4B-00C04F79EFBC}") = "DotNetPractices", "DotNetPractices\DotNetPractices.csproj", "{6F3DFDFF-F36F-4DB1-B072-531A30F4EB9C}"
EndProject
Project("{FAE04EC0-301F-11D3-BF4B-00C04F79EFBC}") = "Loops", "Loops\Loops.csproj", "{8ED229E3-0147-4B7C-9B55-E0000AD70879}"
EndProject
Project("{FAE04EC0-301F-11D3-BF4B-00C04F79EFBC}") = "Array", "Array\Array.csproj", "{B07125E9-C16C-4707-8D76-F050CA340320}"
EndProject
Project("{FAE04EC0-301F-11D3-BF4B-00C04F79EFBC}") = "Function", "Function\Function.csproj", "{28D4EE8E-2F4F-4D99-A448-6D2E7C232BD4}"
EndProject
Project("{FAE04EC0-301F-11D3-BF4B-00C04F79EFBC}") = "Conditonal_Statements", "Conditonal_Statements\Conditonal_Statements.csproj", "{4352B73E-46DF-472D-BD7B-E63374955353}"
EndProject
Global
	GlobalSection(SolutionConfigurationPlatforms) = preSolution
		Debug|Any CPU = Debug|Any CPU
		Release|Any CPU = Release|Any CPU
	EndGlobalSection
	GlobalSection(ProjectConfigurationPlatforms) = postSolution
		{6F3DFDFF-F36F-4DB1-B072-531A30F4EB9C}.Debug|Any CPU.ActiveCfg = Debug|Any CPU
		{6F3DFDFF-F36F-4DB1-B072-531A30F4EB9C}.Debug|Any CPU.Build.0 = Debug|Any CPU
		{6F3DFDFF-F36F-4DB1-B072-531A30F4EB9C}.Release|Any CPU.ActiveCfg = Release|Any CPU
		{6F3DFDFF-F36F-4DB1-B072-531A30F4EB9C}.Release|Any CPU.Build.0 = Release|Any CPU
		{8ED229E3-0147-4B7C-9B55-E0000AD70879}.Debug|Any CPU.ActiveCfg = Debug|Any CPU
		{8ED229E3-0147-4B7C-9B55-E0000AD70879}.Debug|Any CPU.Build.0 = Debug|Any CPU
		{8ED229E3-0147-4B7C-9B55-E0000AD70879}.Release|Any CPU.ActiveCfg = Release|Any CPU
		{8ED229E3-0147-4B7C-9B55-E0000AD70879}.Release|Any CPU.Build.0 = Release|Any CPU
		{B07125E9-C16C-4707-8D76-F050CA340320}.Debug|Any CPU.ActiveCfg = Debug|Any CPU
		{B07125E9-C16C-4707-8D76-F050CA340320}.Debug|Any CPU.Build.0 = Debug|Any CPU
		{B07125E9-C16C-4707-8D76-F050CA340320}.Release|Any CPU.ActiveCfg = Release|Any CPU
		{B07125E9-C16C-4707-8D76-F050CA340320}.Release|Any CPU.Build.0 = Release|Any CPU
		{28D4EE8E-2F4F-4D99-A448-6D2E7C232BD4}.Debug|Any CPU.ActiveCfg = Debug|Any CPU
		{28D4EE8E-2F4F-4D99-A448-6D2E7C232BD4}.Debug|Any CPU.Build.0 = Debug|Any CPU
		{28D4EE8E-2F4F-4D99-A448-6D2E7C232BD4}.Release|Any CPU.ActiveCfg = Release|Any CPU
		{28D4EE8E-2F4F-4D99-A448-6D2E7C232BD4}.Release|Any CPU.Build.0 = Release|Any CPU
		{4352B73E-46DF-472D-BD7B-E63374955353}.Debug|Any CPU.ActiveCfg = Debug|Any CPU
		{4352B73E-46DF-472D-BD7B-E63374955353}.Debug|Any CPU.Build.0 = Debug|Any CPU
		{4352B73E-46DF-472D-BD7B-E63374955353}.Release|Any CPU.ActiveCfg = Release|Any CPU
		{4352B73E-46DF-472D-BD7B-E63374955353}.Release|Any CPU.Build.0 = Release|Any CPU
	EndGlobalSection
	GlobalSection(SolutionProperties) = preSolution
		HideSolutionNode = FALSE
	EndGlobalSection
	GlobalSection(ExtensibilityGlobals) = postSolution
		SolutionGuid = {B705A145-BA20-4D83-87DB-050224E340B2}
	EndGlobalSection
EndGlobal
